
Microsoft Visual Studio Solution File, Format Version 12.00
# Visual Studio Version 17
VisualStudioVersion = 17.0.31423.177
MinimumVisualStudioVersion = 10.0.40219.1
Project("{9A19103F-16F7-4668-BE54-9A1E7A4F7556}") = "ElfDiff", "ElfDiff\ElfDiff.csproj", "{111EEA74-6AA8-4A26-9BF7-31E7A779A3DF}"
EndProject
Global
	GlobalSection(SolutionConfigurationPlatforms) = preSolution
		Debug|Any CPU = Debug|Any CPU
		Release|Any CPU = Release|Any CPU
	EndGlobalSection
	GlobalSection(ProjectConfigurationPlatforms) = postSolution
		{111EEA74-6AA8-4A26-9BF7-31E7A779A3DF}.Debug|Any CPU.ActiveCfg = Debug|Any CPU
		{111EEA74-6AA8-4A26-9BF7-31E7A779A3DF}.Debug|Any CPU.Build.0 = Debug|Any CPU
		{111EEA74-6AA8-4A26-9BF7-31E7A779A3DF}.Release|Any CPU.ActiveCfg = Release|Any CPU
		{111EEA74-6AA8-4A26-9BF7-31E7A779A3DF}.Release|Any CPU.Build.0 = Release|Any CPU
	EndGlobalSection
	GlobalSection(SolutionProperties) = preSolution
		HideSolutionNode = FALSE
	EndGlobalSection
	GlobalSection(ExtensibilityGlobals) = postSolution
		SolutionGuid = {620B2C3F-4C34-4D2C-B994-93FDBC8C0821}
	EndGlobalSection
EndGlobal
